
Microsoft Visual Studio Solution File, Format Version 12.00
# Visual Studio Version 16
VisualStudioVersion = 16.0.31729.503
MinimumVisualStudioVersion = 10.0.40219.1
Project("{FAE04EC0-301F-11D3-BF4B-00C04F79EFBC}") = "FileImporter", "FileImporter.csproj", "{BEB371D7-AA1B-40D5-A3D0-E5BA503E6A04}"
EndProject
Global
	GlobalSection(SolutionConfigurationPlatforms) = preSolution
		Debug|Any CPU = Debug|Any CPU
		Release|Any CPU = Release|Any CPU
	EndGlobalSection
	GlobalSection(ProjectConfigurationPlatforms) = postSolution
		{BEB371D7-AA1B-40D5-A3D0-E5BA503E6A04}.Debug|Any CPU.ActiveCfg = Debug|Any CPU
		{BEB371D7-AA1B-40D5-A3D0-E5BA503E6A04}.Debug|Any CPU.Build.0 = Debug|Any CPU
		{BEB371D7-AA1B-40D5-A3D0-E5BA503E6A04}.Release|Any CPU.ActiveCfg = Release|Any CPU
		{BEB371D7-AA1B-40D5-A3D0-E5BA503E6A04}.Release|Any CPU.Build.0 = Release|Any CPU
	EndGlobalSection
	GlobalSection(SolutionProperties) = preSolution
		HideSolutionNode = FALSE
	EndGlobalSection
	GlobalSection(ExtensibilityGlobals) = postSolution
		SolutionGuid = {22DB4D6E-AC71-42EA-BB87-D46C1927C8B8}
	EndGlobalSection
EndGlobal
