
Microsoft Visual Studio Solution File, Format Version 12.00
# Visual Studio Version 16
VisualStudioVersion = 16.0.31729.503
MinimumVisualStudioVersion = 10.0.40219.1
Project("{9A19103F-16F7-4668-BE54-9A1E7A4F7556}") = "Dashboard", "Dashboard.csproj", "{2FFFC4E5-D471-4E67-B944-9B905CC0D045}"
EndProject
Project("{FAE04EC0-301F-11D3-BF4B-00C04F79EFBC}") = "ApiDashboardOauth", "..\ApiDashboardOauth\ApiDashboardOauth.csproj", "{EB3954BA-40E4-4476-BF3A-0294CD6C7F4C}"
EndProject
Global
	GlobalSection(SolutionConfigurationPlatforms) = preSolution
		Debug|Any CPU = Debug|Any CPU
		Release|Any CPU = Release|Any CPU
	EndGlobalSection
	GlobalSection(ProjectConfigurationPlatforms) = postSolution
		{2FFFC4E5-D471-4E67-B944-9B905CC0D045}.Debug|Any CPU.ActiveCfg = Debug|Any CPU
		{2FFFC4E5-D471-4E67-B944-9B905CC0D045}.Debug|Any CPU.Build.0 = Debug|Any CPU
		{2FFFC4E5-D471-4E67-B944-9B905CC0D045}.Release|Any CPU.ActiveCfg = Release|Any CPU
		{2FFFC4E5-D471-4E67-B944-9B905CC0D045}.Release|Any CPU.Build.0 = Release|Any CPU
		{EB3954BA-40E4-4476-BF3A-0294CD6C7F4C}.Debug|Any CPU.ActiveCfg = Debug|Any CPU
		{EB3954BA-40E4-4476-BF3A-0294CD6C7F4C}.Debug|Any CPU.Build.0 = Debug|Any CPU
		{EB3954BA-40E4-4476-BF3A-0294CD6C7F4C}.Release|Any CPU.ActiveCfg = Release|Any CPU
		{EB3954BA-40E4-4476-BF3A-0294CD6C7F4C}.Release|Any CPU.Build.0 = Release|Any CPU
	EndGlobalSection
	GlobalSection(SolutionProperties) = preSolution
		HideSolutionNode = FALSE
	EndGlobalSection
	GlobalSection(ExtensibilityGlobals) = postSolution
		SolutionGuid = {0AD5DF22-2EE4-47FF-ADCE-022D667829D0}
	EndGlobalSection
EndGlobal
